
Microsoft Visual Studio Solution File, Format Version 12.00
# Visual Studio Version 17
VisualStudioVersion = 17.6.33829.357
MinimumVisualStudioVersion = 10.0.40219.1
Project("{9A19103F-16F7-4668-BE54-9A1E7A4F7556}") = "YourOwnData", "dbchatui\YourOwnData.csproj", "{2DA499C0-D151-4E39-B692-D0433C0AD6E5}"
EndProject
Project("{9A19103F-16F7-4668-BE54-9A1E7A4F7556}") = "SchemaLoader", "SchemaLoader\SchemaLoader\SchemaLoader.csproj", "{4AF54753-E8FD-4EF1-A59B-16E51CBAB8C6}"
EndProject
Global
	GlobalSection(SolutionConfigurationPlatforms) = preSolution
		Debug|Any CPU = Debug|Any CPU
		Release|Any CPU = Release|Any CPU
	EndGlobalSection
	GlobalSection(ProjectConfigurationPlatforms) = postSolution
		{2DA499C0-D151-4E39-B692-D0433C0AD6E5}.Debug|Any CPU.ActiveCfg = Debug|Any CPU
		{2DA499C0-D151-4E39-B692-D0433C0AD6E5}.Debug|Any CPU.Build.0 = Debug|Any CPU
		{2DA499C0-D151-4E39-B692-D0433C0AD6E5}.Release|Any CPU.ActiveCfg = Release|Any CPU
		{2DA499C0-D151-4E39-B692-D0433C0AD6E5}.Release|Any CPU.Build.0 = Release|Any CPU
		{4AF54753-E8FD-4EF1-A59B-16E51CBAB8C6}.Debug|Any CPU.ActiveCfg = Debug|Any CPU
		{4AF54753-E8FD-4EF1-A59B-16E51CBAB8C6}.Debug|Any CPU.Build.0 = Debug|Any CPU
		{4AF54753-E8FD-4EF1-A59B-16E51CBAB8C6}.Release|Any CPU.ActiveCfg = Release|Any CPU
		{4AF54753-E8FD-4EF1-A59B-16E51CBAB8C6}.Release|Any CPU.Build.0 = Release|Any CPU
	EndGlobalSection
	GlobalSection(SolutionProperties) = preSolution
		HideSolutionNode = FALSE
	EndGlobalSection
	GlobalSection(ExtensibilityGlobals) = postSolution
		SolutionGuid = {A8DE692C-6417-431C-A263-4DCFE125D717}
	EndGlobalSection
EndGlobal
